// !$*UTF8*$!
{
	archiveVersion = 1;
	classes = {
	};
	objectVersion = 46;
	objects = {

/* Begin PBXBuildFile section */
		05116DC41A1A77C400C6052D /* main.m in Sources */ = {isa = PBXBuildFile; fileRef = 05116DC31A1A77C400C6052D /* main.m */; };
		05116DC71A1A77C400C6052D /* AppDelegate.m in Sources */ = {isa = PBXBuildFile; fileRef = 05116DC61A1A77C400C6052D /* AppDelegate.m */; };
		05116DD01A1A77C400C6052D /* Main.storyboard in Resources */ = {isa = PBXBuildFile; fileRef = 05116DCE1A1A77C400C6052D /* Main.storyboard */; };
		05116DD21A1A77C500C6052D /* Images.xcassets in Resources */ = {isa = PBXBuildFile; fileRef = 05116DD11A1A77C500C6052D /* Images.xcassets */; };
		05116DD51A1A77C500C6052D /* LaunchScreen.xib in Resources */ = {isa = PBXBuildFile; fileRef = 05116DD31A1A77C500C6052D /* LaunchScreen.xib */; };
		05116DE11A1A77C500C6052D /* DreamStateTests.m in Sources */ = {isa = PBXBuildFile; fileRef = 05116DE01A1A77C500C6052D /* DreamStateTests.m */; };
		05116DEC1A1A7ABF00C6052D /* HomeViewController.m in Sources */ = {isa = PBXBuildFile; fileRef = 05116DEB1A1A7ABF00C6052D /* HomeViewController.m */; };
		05116DF01A1A7AFB00C6052D /* RecordViewController.m in Sources */ = {isa = PBXBuildFile; fileRef = 05116DEF1A1A7AFB00C6052D /* RecordViewController.m */; };
		05116DF61A1A7B1E00C6052D /* InformationViewController.m in Sources */ = {isa = PBXBuildFile; fileRef = 05116DF51A1A7B1E00C6052D /* InformationViewController.m */; };
		05116DF91A1A7E4A00C6052D /* ArchiveTableViewController.m in Sources */ = {isa = PBXBuildFile; fileRef = 05116DF81A1A7E4A00C6052D /* ArchiveTableViewController.m */; };
		0594EB641A1A851D009879D2 /* DreamState.xcdatamodeld in Sources */ = {isa = PBXBuildFile; fileRef = 0594EB621A1A851D009879D2 /* DreamState.xcdatamodeld */; };
		0594EB671A1A871A009879D2 /* AlarmViewController.m in Sources */ = {isa = PBXBuildFile; fileRef = 0594EB661A1A871A009879D2 /* AlarmViewController.m */; };
		2CA7AE161A1E569A005BB92D /* Dream.m in Sources */ = {isa = PBXBuildFile; fileRef = 2CA7AE151A1E569A005BB92D /* Dream.m */; };
		2CA7AE191A1E569A005BB92D /* Day.m in Sources */ = {isa = PBXBuildFile; fileRef = 2CA7AE181A1E569A005BB92D /* Day.m */; };
		2CA7AE1C1A1E569A005BB92D /* Alarm.m in Sources */ = {isa = PBXBuildFile; fileRef = 2CA7AE1B1A1E569A005BB92D /* Alarm.m */; };
		2CA7AE1F1A1E569A005BB92D /* Settings.m in Sources */ = {isa = PBXBuildFile; fileRef = 2CA7AE1E1A1E569A005BB92D /* Settings.m */; };
		2CE495891A1D0C7F00A8EAB6 /* AlarmListTableViewController.m in Sources */ = {isa = PBXBuildFile; fileRef = 2CE495881A1D0C7F00A8EAB6 /* AlarmListTableViewController.m */; };
		2CE4958D1A1D0F9600A8EAB6 /* DSCoreDataContextProvider.m in Sources */ = {isa = PBXBuildFile; fileRef = 2CE4958C1A1D0F9600A8EAB6 /* DSCoreDataContextProvider.m */; };
		2CF767811A1BC8A7000D909A /* Solari.ttf in Resources */ = {isa = PBXBuildFile; fileRef = 2CF767801A1BC8A7000D909A /* Solari.ttf */; };
		2CF7678A1A1BD509000D909A /* AlarmDaysViewController.m in Sources */ = {isa = PBXBuildFile; fileRef = 2CF767891A1BD509000D909A /* AlarmDaysViewController.m */; };
		2CF7678D1A1BD515000D909A /* AlarmSoundsViewController.m in Sources */ = {isa = PBXBuildFile; fileRef = 2CF7678C1A1BD515000D909A /* AlarmSoundsViewController.m */; };
		3639A9E251EAAF73E2CF8D2E /* libPods.a in Frameworks */ = {isa = PBXBuildFile; fileRef = 934B92D3E7C78278CEAC0108 /* libPods.a */; };
		E5A9C27D793352CFFAF24F6B /* Alarm bell 1.m4a in Resources */ = {isa = PBXBuildFile; fileRef = E5A9C9D882AF677F5A6E178F /* Alarm bell 1.m4a */; };
		E5A9C37C57ACB270072DA1B4 /* AlarmHelper.m in Sources */ = {isa = PBXBuildFile; fileRef = E5A9C10CC87D8BB22B694F7A /* AlarmHelper.m */; };
		E5A9C41C05C2E54F28186B4F /* DayManager.m in Sources */ = {isa = PBXBuildFile; fileRef = E5A9C376691449BF26ECCD32 /* DayManager.m */; };
		E5A9C45FBD1EA47405B760B2 /* CoreDataManager.m in Sources */ = {isa = PBXBuildFile; fileRef = E5A9C559ED5CD42E599CD083 /* CoreDataManager.m */; };
		E5A9C8FFDA692F42AFBC3235 /* Podfile in Resources */ = {isa = PBXBuildFile; fileRef = E5A9C91FE7DA6EB7F9560395 /* Podfile */; };
		E5A9C9370AF5CF83290C8A75 /* Alarm bell 2.m4a in Resources */ = {isa = PBXBuildFile; fileRef = E5A9C286753E54B5F0388861 /* Alarm bell 2.m4a */; };
		E5A9CB260572F69D75EB3A80 /* UIView+BorderHelper.m in Sources */ = {isa = PBXBuildFile; fileRef = E5A9C2D1656DC9F4CCD163BE /* UIView+BorderHelper.m */; };
		E5A9CE66ED92FE37BBAFFEC0 /* AlarmManager.m in Sources */ = {isa = PBXBuildFile; fileRef = E5A9CE56094F8B5D37A1AD7D /* AlarmManager.m */; };
/* End PBXBuildFile section */

/* Begin PBXContainerItemProxy section */
		05116DDB1A1A77C500C6052D /* PBXContainerItemProxy */ = {
			isa = PBXContainerItemProxy;
			containerPortal = 05116DB61A1A77C400C6052D /* Project object */;
			proxyType = 1;
			remoteGlobalIDString = 05116DBD1A1A77C400C6052D;
			remoteInfo = DreamState;
		};
/* End PBXContainerItemProxy section */

/* Begin PBXFileReference section */
		05116DBE1A1A77C400C6052D /* DreamState.app */ = {isa = PBXFileReference; explicitFileType = wrapper.application; includeInIndex = 0; path = DreamState.app; sourceTree = BUILT_PRODUCTS_DIR; };
		05116DC21A1A77C400C6052D /* Info.plist */ = {isa = PBXFileReference; lastKnownFileType = text.plist.xml; path = Info.plist; sourceTree = "<group>"; };
		05116DC31A1A77C400C6052D /* main.m */ = {isa = PBXFileReference; lastKnownFileType = sourcecode.c.objc; path = main.m; sourceTree = "<group>"; };
		05116DC51A1A77C400C6052D /* AppDelegate.h */ = {isa = PBXFileReference; lastKnownFileType = sourcecode.c.h; path = AppDelegate.h; sourceTree = "<group>"; };
		05116DC61A1A77C400C6052D /* AppDelegate.m */ = {isa = PBXFileReference; lastKnownFileType = sourcecode.c.objc; path = AppDelegate.m; sourceTree = "<group>"; };
		05116DCF1A1A77C400C6052D /* Base */ = {isa = PBXFileReference; lastKnownFileType = file.storyboard; name = Base; path = Base.lproj/Main.storyboard; sourceTree = "<group>"; };
		05116DD11A1A77C500C6052D /* Images.xcassets */ = {isa = PBXFileReference; lastKnownFileType = folder.assetcatalog; path = Images.xcassets; sourceTree = "<group>"; };
		05116DD41A1A77C500C6052D /* Base */ = {isa = PBXFileReference; lastKnownFileType = file.xib; name = Base; path = Base.lproj/LaunchScreen.xib; sourceTree = "<group>"; };
		05116DDA1A1A77C500C6052D /* DreamStateTests.xctest */ = {isa = PBXFileReference; explicitFileType = wrapper.cfbundle; includeInIndex = 0; path = DreamStateTests.xctest; sourceTree = BUILT_PRODUCTS_DIR; };
		05116DDF1A1A77C500C6052D /* Info.plist */ = {isa = PBXFileReference; lastKnownFileType = text.plist.xml; path = Info.plist; sourceTree = "<group>"; };
		05116DE01A1A77C500C6052D /* DreamStateTests.m */ = {isa = PBXFileReference; lastKnownFileType = sourcecode.c.objc; path = DreamStateTests.m; sourceTree = "<group>"; };
		05116DEA1A1A7ABF00C6052D /* HomeViewController.h */ = {isa = PBXFileReference; fileEncoding = 4; lastKnownFileType = sourcecode.c.h; path = HomeViewController.h; sourceTree = "<group>"; };
		05116DEB1A1A7ABF00C6052D /* HomeViewController.m */ = {isa = PBXFileReference; fileEncoding = 4; lastKnownFileType = sourcecode.c.objc; path = HomeViewController.m; sourceTree = "<group>"; };
		05116DEE1A1A7AFB00C6052D /* RecordViewController.h */ = {isa = PBXFileReference; fileEncoding = 4; lastKnownFileType = sourcecode.c.h; path = RecordViewController.h; sourceTree = "<group>"; };
		05116DEF1A1A7AFB00C6052D /* RecordViewController.m */ = {isa = PBXFileReference; fileEncoding = 4; lastKnownFileType = sourcecode.c.objc; path = RecordViewController.m; sourceTree = "<group>"; };
		05116DF41A1A7B1E00C6052D /* InformationViewController.h */ = {isa = PBXFileReference; fileEncoding = 4; lastKnownFileType = sourcecode.c.h; path = InformationViewController.h; sourceTree = "<group>"; };
		05116DF51A1A7B1E00C6052D /* InformationViewController.m */ = {isa = PBXFileReference; fileEncoding = 4; lastKnownFileType = sourcecode.c.objc; path = InformationViewController.m; sourceTree = "<group>"; };
		05116DF71A1A7E4A00C6052D /* ArchiveTableViewController.h */ = {isa = PBXFileReference; fileEncoding = 4; lastKnownFileType = sourcecode.c.h; path = ArchiveTableViewController.h; sourceTree = "<group>"; };
		05116DF81A1A7E4A00C6052D /* ArchiveTableViewController.m */ = {isa = PBXFileReference; fileEncoding = 4; lastKnownFileType = sourcecode.c.objc; path = ArchiveTableViewController.m; sourceTree = "<group>"; };
		0594EB631A1A851D009879D2 /* DreamState.xcdatamodel */ = {isa = PBXFileReference; lastKnownFileType = wrapper.xcdatamodel; path = DreamState.xcdatamodel; sourceTree = "<group>"; };
		0594EB651A1A871A009879D2 /* AlarmViewController.h */ = {isa = PBXFileReference; fileEncoding = 4; lastKnownFileType = sourcecode.c.h; path = AlarmViewController.h; sourceTree = "<group>"; };
		0594EB661A1A871A009879D2 /* AlarmViewController.m */ = {isa = PBXFileReference; fileEncoding = 4; lastKnownFileType = sourcecode.c.objc; path = AlarmViewController.m; sourceTree = "<group>"; };
		2CA7AE141A1E569A005BB92D /* Dream.h */ = {isa = PBXFileReference; fileEncoding = 4; lastKnownFileType = sourcecode.c.h; path = Dream.h; sourceTree = "<group>"; };
		2CA7AE151A1E569A005BB92D /* Dream.m */ = {isa = PBXFileReference; fileEncoding = 4; lastKnownFileType = sourcecode.c.objc; path = Dream.m; sourceTree = "<group>"; };
		2CA7AE171A1E569A005BB92D /* Day.h */ = {isa = PBXFileReference; fileEncoding = 4; lastKnownFileType = sourcecode.c.h; path = Day.h; sourceTree = "<group>"; };
		2CA7AE181A1E569A005BB92D /* Day.m */ = {isa = PBXFileReference; fileEncoding = 4; lastKnownFileType = sourcecode.c.objc; path = Day.m; sourceTree = "<group>"; };
		2CA7AE1A1A1E569A005BB92D /* Alarm.h */ = {isa = PBXFileReference; fileEncoding = 4; lastKnownFileType = sourcecode.c.h; path = Alarm.h; sourceTree = "<group>"; };
		2CA7AE1B1A1E569A005BB92D /* Alarm.m */ = {isa = PBXFileReference; fileEncoding = 4; lastKnownFileType = sourcecode.c.objc; path = Alarm.m; sourceTree = "<group>"; };
		2CA7AE1D1A1E569A005BB92D /* Settings.h */ = {isa = PBXFileReference; fileEncoding = 4; lastKnownFileType = sourcecode.c.h; path = Settings.h; sourceTree = "<group>"; };
		2CA7AE1E1A1E569A005BB92D /* Settings.m */ = {isa = PBXFileReference; fileEncoding = 4; lastKnownFileType = sourcecode.c.objc; path = Settings.m; sourceTree = "<group>"; };
		2CE495871A1D0C7F00A8EAB6 /* AlarmListTableViewController.h */ = {isa = PBXFileReference; fileEncoding = 4; lastKnownFileType = sourcecode.c.h; path = AlarmListTableViewController.h; sourceTree = "<group>"; };
		2CE495881A1D0C7F00A8EAB6 /* AlarmListTableViewController.m */ = {isa = PBXFileReference; fileEncoding = 4; lastKnownFileType = sourcecode.c.objc; path = AlarmListTableViewController.m; sourceTree = "<group>"; };
		2CE4958B1A1D0F9600A8EAB6 /* DSCoreDataContextProvider.h */ = {isa = PBXFileReference; fileEncoding = 4; lastKnownFileType = sourcecode.c.h; path = DSCoreDataContextProvider.h; sourceTree = "<group>"; };
		2CE4958C1A1D0F9600A8EAB6 /* DSCoreDataContextProvider.m */ = {isa = PBXFileReference; fileEncoding = 4; lastKnownFileType = sourcecode.c.objc; path = DSCoreDataContextProvider.m; sourceTree = "<group>"; };
		2CF767801A1BC8A7000D909A /* Solari.ttf */ = {isa = PBXFileReference; lastKnownFileType = file; path = Solari.ttf; sourceTree = "<group>"; };
		2CF767881A1BD509000D909A /* AlarmDaysViewController.h */ = {isa = PBXFileReference; fileEncoding = 4; lastKnownFileType = sourcecode.c.h; path = AlarmDaysViewController.h; sourceTree = "<group>"; };
		2CF767891A1BD509000D909A /* AlarmDaysViewController.m */ = {isa = PBXFileReference; fileEncoding = 4; lastKnownFileType = sourcecode.c.objc; path = AlarmDaysViewController.m; sourceTree = "<group>"; };
		2CF7678B1A1BD515000D909A /* AlarmSoundsViewController.h */ = {isa = PBXFileReference; fileEncoding = 4; lastKnownFileType = sourcecode.c.h; path = AlarmSoundsViewController.h; sourceTree = "<group>"; };
		2CF7678C1A1BD515000D909A /* AlarmSoundsViewController.m */ = {isa = PBXFileReference; fileEncoding = 4; lastKnownFileType = sourcecode.c.objc; path = AlarmSoundsViewController.m; sourceTree = "<group>"; };
		934B92D3E7C78278CEAC0108 /* libPods.a */ = {isa = PBXFileReference; explicitFileType = archive.ar; includeInIndex = 0; path = libPods.a; sourceTree = BUILT_PRODUCTS_DIR; };
		A3078A9231159C00E5982042 /* Pods.debug.xcconfig */ = {isa = PBXFileReference; includeInIndex = 1; lastKnownFileType = text.xcconfig; name = Pods.debug.xcconfig; path = "Pods/Target Support Files/Pods/Pods.debug.xcconfig"; sourceTree = "<group>"; };
		E3EEC742DF7729E2F8795969 /* Pods.release.xcconfig */ = {isa = PBXFileReference; includeInIndex = 1; lastKnownFileType = text.xcconfig; name = Pods.release.xcconfig; path = "Pods/Target Support Files/Pods/Pods.release.xcconfig"; sourceTree = "<group>"; };
		E5A9C10CC87D8BB22B694F7A /* AlarmHelper.m */ = {isa = PBXFileReference; fileEncoding = 4; lastKnownFileType = sourcecode.c.objc; path = AlarmHelper.m; sourceTree = "<group>"; };
		E5A9C286753E54B5F0388861 /* Alarm bell 2.m4a */ = {isa = PBXFileReference; lastKnownFileType = file.m4a; path = "Alarm bell 2.m4a"; sourceTree = "<group>"; };
		E5A9C2D1656DC9F4CCD163BE /* UIView+BorderHelper.m */ = {isa = PBXFileReference; fileEncoding = 4; lastKnownFileType = sourcecode.c.objc; path = "UIView+BorderHelper.m"; sourceTree = "<group>"; };
		E5A9C376691449BF26ECCD32 /* DayManager.m */ = {isa = PBXFileReference; fileEncoding = 4; lastKnownFileType = sourcecode.c.objc; path = DayManager.m; sourceTree = "<group>"; };
		E5A9C559ED5CD42E599CD083 /* CoreDataManager.m */ = {isa = PBXFileReference; fileEncoding = 4; lastKnownFileType = sourcecode.c.objc; path = CoreDataManager.m; sourceTree = "<group>"; };
		E5A9C66AA6956B82AA884D2A /* AlarmManager.h */ = {isa = PBXFileReference; fileEncoding = 4; lastKnownFileType = sourcecode.c.h; path = AlarmManager.h; sourceTree = "<group>"; };
		E5A9C84C2B7A4362BE94B3BC /* UIView+BorderHelper.h */ = {isa = PBXFileReference; fileEncoding = 4; lastKnownFileType = sourcecode.c.h; path = "UIView+BorderHelper.h"; sourceTree = "<group>"; };
		E5A9C899DF004D07A1D539B2 /* DayManager.h */ = {isa = PBXFileReference; fileEncoding = 4; lastKnownFileType = sourcecode.c.h; path = DayManager.h; sourceTree = "<group>"; };
		E5A9C91FE7DA6EB7F9560395 /* Podfile */ = {isa = PBXFileReference; fileEncoding = 4; lastKnownFileType = text; path = Podfile; sourceTree = "<group>"; };
		E5A9C947F8934658211CA4F0 /* AlarmDelegate.h */ = {isa = PBXFileReference; fileEncoding = 4; lastKnownFileType = sourcecode.c.h; path = AlarmDelegate.h; sourceTree = "<group>"; };
		E5A9C9D882AF677F5A6E178F /* Alarm bell 1.m4a */ = {isa = PBXFileReference; lastKnownFileType = file.m4a; path = "Alarm bell 1.m4a"; sourceTree = "<group>"; };
		E5A9C9F44B9854643F207CD9 /* AlarmHelper.h */ = {isa = PBXFileReference; fileEncoding = 4; lastKnownFileType = sourcecode.c.h; path = AlarmHelper.h; sourceTree = "<group>"; };
		E5A9CB5308A67979325C31D1 /* CoreDataManager.h */ = {isa = PBXFileReference; fileEncoding = 4; lastKnownFileType = sourcecode.c.h; path = CoreDataManager.h; sourceTree = "<group>"; };
		E5A9CE56094F8B5D37A1AD7D /* AlarmManager.m */ = {isa = PBXFileReference; fileEncoding = 4; lastKnownFileType = sourcecode.c.objc; path = AlarmManager.m; sourceTree = "<group>"; };
/* End PBXFileReference section */

/* Begin PBXFrameworksBuildPhase section */
		05116DBB1A1A77C400C6052D /* Frameworks */ = {
			isa = PBXFrameworksBuildPhase;
			buildActionMask = 2147483647;
			files = (
				3639A9E251EAAF73E2CF8D2E /* libPods.a in Frameworks */,
			);
			runOnlyForDeploymentPostprocessing = 0;
		};
		05116DD71A1A77C500C6052D /* Frameworks */ = {
			isa = PBXFrameworksBuildPhase;
			buildActionMask = 2147483647;
			files = (
			);
			runOnlyForDeploymentPostprocessing = 0;
		};
/* End PBXFrameworksBuildPhase section */

/* Begin PBXGroup section */
		05116DB51A1A77C400C6052D = {
			isa = PBXGroup;
			children = (
				05116DC01A1A77C400C6052D /* DreamState */,
				05116DDD1A1A77C500C6052D /* DreamStateTests */,
				05116DBF1A1A77C400C6052D /* Products */,
				E5A9C91FE7DA6EB7F9560395 /* Podfile */,
				7ACF1C94F7A1C6DEEB8F2293 /* Pods */,
				4708B8F512FAF2528CE46B46 /* Frameworks */,
			);
			sourceTree = "<group>";
		};
		05116DBF1A1A77C400C6052D /* Products */ = {
			isa = PBXGroup;
			children = (
				05116DBE1A1A77C400C6052D /* DreamState.app */,
				05116DDA1A1A77C500C6052D /* DreamStateTests.xctest */,
			);
			name = Products;
			sourceTree = "<group>";
		};
		05116DC01A1A77C400C6052D /* DreamState */ = {
			isa = PBXGroup;
			children = (
				E5A9C944910DC32684E270D5 /* Managers */,
				2CE4958A1A1D0F7300A8EAB6 /* Model */,
				05116DED1A1A7AD900C6052D /* ViewController */,
				05116DC51A1A77C400C6052D /* AppDelegate.h */,
				05116DC61A1A77C400C6052D /* AppDelegate.m */,
				05116DCE1A1A77C400C6052D /* Main.storyboard */,
				05116DD11A1A77C500C6052D /* Images.xcassets */,
				05116DD31A1A77C500C6052D /* LaunchScreen.xib */,
				05116DC11A1A77C400C6052D /* Supporting Files */,
				E5A9C2D1EBF16D21AB30614F /* Sounds */,
				E5A9C10CC87D8BB22B694F7A /* AlarmHelper.m */,
				E5A9C9F44B9854643F207CD9 /* AlarmHelper.h */,
				E5A9C4EFE406D8D0BF9CD893 /* Categories */,
			);
			path = DreamState;
			sourceTree = "<group>";
		};
		05116DC11A1A77C400C6052D /* Supporting Files */ = {
			isa = PBXGroup;
			children = (
				2CF767801A1BC8A7000D909A /* Solari.ttf */,
				05116DC21A1A77C400C6052D /* Info.plist */,
				05116DC31A1A77C400C6052D /* main.m */,
			);
			name = "Supporting Files";
			sourceTree = "<group>";
		};
		05116DDD1A1A77C500C6052D /* DreamStateTests */ = {
			isa = PBXGroup;
			children = (
				05116DE01A1A77C500C6052D /* DreamStateTests.m */,
				05116DDE1A1A77C500C6052D /* Supporting Files */,
			);
			path = DreamStateTests;
			sourceTree = "<group>";
		};
		05116DDE1A1A77C500C6052D /* Supporting Files */ = {
			isa = PBXGroup;
			children = (
				05116DDF1A1A77C500C6052D /* Info.plist */,
			);
			name = "Supporting Files";
			sourceTree = "<group>";
		};
		05116DED1A1A7AD900C6052D /* ViewController */ = {
			isa = PBXGroup;
			children = (
				05116DEA1A1A7ABF00C6052D /* HomeViewController.h */,
				05116DEB1A1A7ABF00C6052D /* HomeViewController.m */,
				05116DEE1A1A7AFB00C6052D /* RecordViewController.h */,
				05116DEF1A1A7AFB00C6052D /* RecordViewController.m */,
				05116DF41A1A7B1E00C6052D /* InformationViewController.h */,
				05116DF51A1A7B1E00C6052D /* InformationViewController.m */,
				05116DF71A1A7E4A00C6052D /* ArchiveTableViewController.h */,
				05116DF81A1A7E4A00C6052D /* ArchiveTableViewController.m */,
				0594EB651A1A871A009879D2 /* AlarmViewController.h */,
				0594EB661A1A871A009879D2 /* AlarmViewController.m */,
				2CF767881A1BD509000D909A /* AlarmDaysViewController.h */,
				2CF767891A1BD509000D909A /* AlarmDaysViewController.m */,
				2CF7678B1A1BD515000D909A /* AlarmSoundsViewController.h */,
				2CF7678C1A1BD515000D909A /* AlarmSoundsViewController.m */,
				2CE495871A1D0C7F00A8EAB6 /* AlarmListTableViewController.h */,
				2CE495881A1D0C7F00A8EAB6 /* AlarmListTableViewController.m */,
				E5A9C947F8934658211CA4F0 /* AlarmDelegate.h */,
			);
			name = ViewController;
			sourceTree = "<group>";
		};
		2CE4958A1A1D0F7300A8EAB6 /* Model */ = {
			isa = PBXGroup;
			children = (
				2CA7AE1D1A1E569A005BB92D /* Settings.h */,
				2CA7AE1E1A1E569A005BB92D /* Settings.m */,
				2CA7AE1A1A1E569A005BB92D /* Alarm.h */,
				2CA7AE1B1A1E569A005BB92D /* Alarm.m */,
				2CA7AE171A1E569A005BB92D /* Day.h */,
				2CA7AE181A1E569A005BB92D /* Day.m */,
				2CA7AE141A1E569A005BB92D /* Dream.h */,
				2CA7AE151A1E569A005BB92D /* Dream.m */,
				0594EB621A1A851D009879D2 /* DreamState.xcdatamodeld */,
				2CE4958B1A1D0F9600A8EAB6 /* DSCoreDataContextProvider.h */,
				2CE4958C1A1D0F9600A8EAB6 /* DSCoreDataContextProvider.m */,
			);
			name = Model;
			sourceTree = "<group>";
		};
		4708B8F512FAF2528CE46B46 /* Frameworks */ = {
			isa = PBXGroup;
			children = (
				934B92D3E7C78278CEAC0108 /* libPods.a */,
			);
			name = Frameworks;
			sourceTree = "<group>";
		};
		7ACF1C94F7A1C6DEEB8F2293 /* Pods */ = {
			isa = PBXGroup;
			children = (
				A3078A9231159C00E5982042 /* Pods.debug.xcconfig */,
				E3EEC742DF7729E2F8795969 /* Pods.release.xcconfig */,
			);
			name = Pods;
			sourceTree = "<group>";
		};
		E5A9C2D1EBF16D21AB30614F /* Sounds */ = {
			isa = PBXGroup;
			children = (
				E5A9C9D882AF677F5A6E178F /* Alarm bell 1.m4a */,
				E5A9C286753E54B5F0388861 /* Alarm bell 2.m4a */,
			);
			path = Sounds;
			sourceTree = "<group>";
		};
		E5A9C4EFE406D8D0BF9CD893 /* Categories */ = {
			isa = PBXGroup;
			children = (
				E5A9C2D1656DC9F4CCD163BE /* UIView+BorderHelper.m */,
				E5A9C84C2B7A4362BE94B3BC /* UIView+BorderHelper.h */,
			);
			name = Categories;
			sourceTree = "<group>";
		};
		E5A9C944910DC32684E270D5 /* Managers */ = {
			isa = PBXGroup;
			children = (
				E5A9CE56094F8B5D37A1AD7D /* AlarmManager.m */,
				E5A9C66AA6956B82AA884D2A /* AlarmManager.h */,
				E5A9C376691449BF26ECCD32 /* DayManager.m */,
				E5A9C899DF004D07A1D539B2 /* DayManager.h */,
				E5A9C559ED5CD42E599CD083 /* CoreDataManager.m */,
				E5A9CB5308A67979325C31D1 /* CoreDataManager.h */,
			);
			name = Managers;
			sourceTree = "<group>";
		};
/* End PBXGroup section */

/* Begin PBXNativeTarget section */
		05116DBD1A1A77C400C6052D /* DreamState */ = {
			isa = PBXNativeTarget;
			buildConfigurationList = 05116DE41A1A77C500C6052D /* Build configuration list for PBXNativeTarget "DreamState" */;
			buildPhases = (
				5EC8AE5AEC5211AAE0D4A828 /* Check Pods Manifest.lock */,
				05116DBA1A1A77C400C6052D /* Sources */,
				05116DBB1A1A77C400C6052D /* Frameworks */,
				05116DBC1A1A77C400C6052D /* Resources */,
				FFB79E9961AB14833EA733DA /* Copy Pods Resources */,
			);
			buildRules = (
			);
			dependencies = (
			);
			name = DreamState;
			productName = DreamState;
			productReference = 05116DBE1A1A77C400C6052D /* DreamState.app */;
			productType = "com.apple.product-type.application";
		};
		05116DD91A1A77C500C6052D /* DreamStateTests */ = {
			isa = PBXNativeTarget;
			buildConfigurationList = 05116DE71A1A77C500C6052D /* Build configuration list for PBXNativeTarget "DreamStateTests" */;
			buildPhases = (
				05116DD61A1A77C500C6052D /* Sources */,
				05116DD71A1A77C500C6052D /* Frameworks */,
				05116DD81A1A77C500C6052D /* Resources */,
			);
			buildRules = (
			);
			dependencies = (
				05116DDC1A1A77C500C6052D /* PBXTargetDependency */,
			);
			name = DreamStateTests;
			productName = DreamStateTests;
			productReference = 05116DDA1A1A77C500C6052D /* DreamStateTests.xctest */;
			productType = "com.apple.product-type.bundle.unit-test";
		};
/* End PBXNativeTarget section */

/* Begin PBXProject section */
		05116DB61A1A77C400C6052D /* Project object */ = {
			isa = PBXProject;
			attributes = {
				LastUpgradeCheck = 0600;
				ORGANIZATIONNAME = "Michal Thompson";
				TargetAttributes = {
					05116DBD1A1A77C400C6052D = {
						CreatedOnToolsVersion = 6.0.1;
					};
					05116DD91A1A77C500C6052D = {
						CreatedOnToolsVersion = 6.0.1;
						TestTargetID = 05116DBD1A1A77C400C6052D;
					};
				};
			};
			buildConfigurationList = 05116DB91A1A77C400C6052D /* Build configuration list for PBXProject "DreamState" */;
			compatibilityVersion = "Xcode 3.2";
			developmentRegion = English;
			hasScannedForEncodings = 0;
			knownRegions = (
				en,
				Base,
			);
			mainGroup = 05116DB51A1A77C400C6052D;
			productRefGroup = 05116DBF1A1A77C400C6052D /* Products */;
			projectDirPath = "";
			projectRoot = "";
			targets = (
				05116DBD1A1A77C400C6052D /* DreamState */,
				05116DD91A1A77C500C6052D /* DreamStateTests */,
			);
		};
/* End PBXProject section */

/* Begin PBXResourcesBuildPhase section */
		05116DBC1A1A77C400C6052D /* Resources */ = {
			isa = PBXResourcesBuildPhase;
			buildActionMask = 2147483647;
			files = (
				2CF767811A1BC8A7000D909A /* Solari.ttf in Resources */,
				05116DD01A1A77C400C6052D /* Main.storyboard in Resources */,
				05116DD51A1A77C500C6052D /* LaunchScreen.xib in Resources */,
				05116DD21A1A77C500C6052D /* Images.xcassets in Resources */,
				E5A9C27D793352CFFAF24F6B /* Alarm bell 1.m4a in Resources */,
				E5A9C9370AF5CF83290C8A75 /* Alarm bell 2.m4a in Resources */,
				E5A9C8FFDA692F42AFBC3235 /* Podfile in Resources */,
			);
			runOnlyForDeploymentPostprocessing = 0;
		};
		05116DD81A1A77C500C6052D /* Resources */ = {
			isa = PBXResourcesBuildPhase;
			buildActionMask = 2147483647;
			files = (
			);
			runOnlyForDeploymentPostprocessing = 0;
		};
/* End PBXResourcesBuildPhase section */

/* Begin PBXShellScriptBuildPhase section */
		5EC8AE5AEC5211AAE0D4A828 /* Check Pods Manifest.lock */ = {
			isa = PBXShellScriptBuildPhase;
			buildActionMask = 2147483647;
			files = (
			);
			inputPaths = (
			);
			name = "Check Pods Manifest.lock";
			outputPaths = (
			);
			runOnlyForDeploymentPostprocessing = 0;
			shellPath = /bin/sh;
			shellScript = "diff \"${PODS_ROOT}/../Podfile.lock\" \"${PODS_ROOT}/Manifest.lock\" > /dev/null\nif [[ $? != 0 ]] ; then\n    cat << EOM\nerror: The sandbox is not in sync with the Podfile.lock. Run 'pod install' or update your CocoaPods installation.\nEOM\n    exit 1\nfi\n";
			showEnvVarsInLog = 0;
		};
		FFB79E9961AB14833EA733DA /* Copy Pods Resources */ = {
			isa = PBXShellScriptBuildPhase;
			buildActionMask = 2147483647;
			files = (
			);
			inputPaths = (
			);
			name = "Copy Pods Resources";
			outputPaths = (
			);
			runOnlyForDeploymentPostprocessing = 0;
			shellPath = /bin/sh;
			shellScript = "\"${SRCROOT}/Pods/Target Support Files/Pods/Pods-resources.sh\"\n";
			showEnvVarsInLog = 0;
		};
/* End PBXShellScriptBuildPhase section */

/* Begin PBXSourcesBuildPhase section */
		05116DBA1A1A77C400C6052D /* Sources */ = {
			isa = PBXSourcesBuildPhase;
			buildActionMask = 2147483647;
			files = (
				05116DC71A1A77C400C6052D /* AppDelegate.m in Sources */,
				2CE495891A1D0C7F00A8EAB6 /* AlarmListTableViewController.m in Sources */,
				2CA7AE1F1A1E569A005BB92D /* Settings.m in Sources */,
				2CF7678A1A1BD509000D909A /* AlarmDaysViewController.m in Sources */,
				05116DF61A1A7B1E00C6052D /* InformationViewController.m in Sources */,
				2CA7AE1C1A1E569A005BB92D /* Alarm.m in Sources */,
				05116DF91A1A7E4A00C6052D /* ArchiveTableViewController.m in Sources */,
				0594EB641A1A851D009879D2 /* DreamState.xcdatamodeld in Sources */,
				0594EB671A1A871A009879D2 /* AlarmViewController.m in Sources */,
				2CF7678D1A1BD515000D909A /* AlarmSoundsViewController.m in Sources */,
				05116DF01A1A7AFB00C6052D /* RecordViewController.m in Sources */,
				05116DEC1A1A7ABF00C6052D /* HomeViewController.m in Sources */,
				05116DC41A1A77C400C6052D /* main.m in Sources */,
				E5A9C37C57ACB270072DA1B4 /* AlarmHelper.m in Sources */,
				2CA7AE191A1E569A005BB92D /* Day.m in Sources */,
				2CE4958D1A1D0F9600A8EAB6 /* DSCoreDataContextProvider.m in Sources */,
				2CA7AE161A1E569A005BB92D /* Dream.m in Sources */,
				E5A9CE66ED92FE37BBAFFEC0 /* AlarmManager.m in Sources */,
				E5A9C41C05C2E54F28186B4F /* DayManager.m in Sources */,
				E5A9C45FBD1EA47405B760B2 /* CoreDataManager.m in Sources */,
				E5A9CB260572F69D75EB3A80 /* UIView+BorderHelper.m in Sources */,
			);
			runOnlyForDeploymentPostprocessing = 0;
		};
		05116DD61A1A77C500C6052D /* Sources */ = {
			isa = PBXSourcesBuildPhase;
			buildActionMask = 2147483647;
			files = (
				05116DE11A1A77C500C6052D /* DreamStateTests.m in Sources */,
			);
			runOnlyForDeploymentPostprocessing = 0;
		};
/* End PBXSourcesBuildPhase section */

/* Begin PBXTargetDependency section */
		05116DDC1A1A77C500C6052D /* PBXTargetDependency */ = {
			isa = PBXTargetDependency;
			target = 05116DBD1A1A77C400C6052D /* DreamState */;
			targetProxy = 05116DDB1A1A77C500C6052D /* PBXContainerItemProxy */;
		};
/* End PBXTargetDependency section */

/* Begin PBXVariantGroup section */
		05116DCE1A1A77C400C6052D /* Main.storyboard */ = {
			isa = PBXVariantGroup;
			children = (
				05116DCF1A1A77C400C6052D /* Base */,
			);
			name = Main.storyboard;
			sourceTree = "<group>";
		};
		05116DD31A1A77C500C6052D /* LaunchScreen.xib */ = {
			isa = PBXVariantGroup;
			children = (
				05116DD41A1A77C500C6052D /* Base */,
			);
			name = LaunchScreen.xib;
			sourceTree = "<group>";
		};
/* End PBXVariantGroup section */

/* Begin XCBuildConfiguration section */
		05116DE21A1A77C500C6052D /* Debug */ = {
			isa = XCBuildConfiguration;
			buildSettings = {
				ALWAYS_SEARCH_USER_PATHS = NO;
				CLANG_CXX_LANGUAGE_STANDARD = "gnu++0x";
				CLANG_CXX_LIBRARY = "libc++";
				CLANG_ENABLE_MODULES = YES;
				CLANG_ENABLE_OBJC_ARC = YES;
				CLANG_WARN_BOOL_CONVERSION = YES;
				CLANG_WARN_CONSTANT_CONVERSION = YES;
				CLANG_WARN_DIRECT_OBJC_ISA_USAGE = YES_ERROR;
				CLANG_WARN_EMPTY_BODY = YES;
				CLANG_WARN_ENUM_CONVERSION = YES;
				CLANG_WARN_INT_CONVERSION = YES;
				CLANG_WARN_OBJC_ROOT_CLASS = YES_ERROR;
				CLANG_WARN_UNREACHABLE_CODE = YES;
				CLANG_WARN__DUPLICATE_METHOD_MATCH = YES;
				"CODE_SIGN_IDENTITY[sdk=iphoneos*]" = "iPhone Developer";
				COPY_PHASE_STRIP = NO;
				ENABLE_STRICT_OBJC_MSGSEND = YES;
				GCC_C_LANGUAGE_STANDARD = gnu99;
				GCC_DYNAMIC_NO_PIC = NO;
				GCC_OPTIMIZATION_LEVEL = 0;
				GCC_PREPROCESSOR_DEFINITIONS = (
					"DEBUG=1",
					"$(inherited)",
				);
				GCC_SYMBOLS_PRIVATE_EXTERN = NO;
				GCC_WARN_64_TO_32_BIT_CONVERSION = YES;
				GCC_WARN_ABOUT_RETURN_TYPE = YES_ERROR;
				GCC_WARN_UNDECLARED_SELECTOR = YES;
				GCC_WARN_UNINITIALIZED_AUTOS = YES_AGGRESSIVE;
				GCC_WARN_UNUSED_FUNCTION = YES;
				GCC_WARN_UNUSED_VARIABLE = YES;
				IPHONEOS_DEPLOYMENT_TARGET = 8.0;
				MTL_ENABLE_DEBUG_INFO = YES;
				ONLY_ACTIVE_ARCH = YES;
				SDKROOT = iphoneos;
				TARGETED_DEVICE_FAMILY = "1,2";
			};
			name = Debug;
		};
		05116DE31A1A77C500C6052D /* Release */ = {
			isa = XCBuildConfiguration;
			buildSettings = {
				ALWAYS_SEARCH_USER_PATHS = NO;
				CLANG_CXX_LANGUAGE_STANDARD = "gnu++0x";
				CLANG_CXX_LIBRARY = "libc++";
				CLANG_ENABLE_MODULES = YES;
				CLANG_ENABLE_OBJC_ARC = YES;
				CLANG_WARN_BOOL_CONVERSION = YES;
				CLANG_WARN_CONSTANT_CONVERSION = YES;
				CLANG_WARN_DIRECT_OBJC_ISA_USAGE = YES_ERROR;
				CLANG_WARN_EMPTY_BODY = YES;
				CLANG_WARN_ENUM_CONVERSION = YES;
				CLANG_WARN_INT_CONVERSION = YES;
				CLANG_WARN_OBJC_ROOT_CLASS = YES_ERROR;
				CLANG_WARN_UNREACHABLE_CODE = YES;
				CLANG_WARN__DUPLICATE_METHOD_MATCH = YES;
				"CODE_SIGN_IDENTITY[sdk=iphoneos*]" = "iPhone Developer";
				COPY_PHASE_STRIP = YES;
				ENABLE_NS_ASSERTIONS = NO;
				ENABLE_STRICT_OBJC_MSGSEND = YES;
				GCC_C_LANGUAGE_STANDARD = gnu99;
				GCC_WARN_64_TO_32_BIT_CONVERSION = YES;
				GCC_WARN_ABOUT_RETURN_TYPE = YES_ERROR;
				GCC_WARN_UNDECLARED_SELECTOR = YES;
				GCC_WARN_UNINITIALIZED_AUTOS = YES_AGGRESSIVE;
				GCC_WARN_UNUSED_FUNCTION = YES;
				GCC_WARN_UNUSED_VARIABLE = YES;
				IPHONEOS_DEPLOYMENT_TARGET = 8.0;
				MTL_ENABLE_DEBUG_INFO = NO;
				SDKROOT = iphoneos;
				TARGETED_DEVICE_FAMILY = "1,2";
				VALIDATE_PRODUCT = YES;
			};
			name = Release;
		};
		05116DE51A1A77C500C6052D /* Debug */ = {
			isa = XCBuildConfiguration;
			baseConfigurationReference = A3078A9231159C00E5982042 /* Pods.debug.xcconfig */;
			buildSettings = {
				ASSETCATALOG_COMPILER_APPICON_NAME = AppIcon;
				INFOPLIST_FILE = DreamState/Info.plist;
				LD_RUNPATH_SEARCH_PATHS = "$(inherited) @executable_path/Frameworks";
				PRODUCT_NAME = "$(TARGET_NAME)";
				USER_HEADER_SEARCH_PATHS = "\"${PROJECT_DIR}/Pods\"/**";
			};
			name = Debug;
		};
		05116DE61A1A77C500C6052D /* Release */ = {
			isa = XCBuildConfiguration;
			baseConfigurationReference = E3EEC742DF7729E2F8795969 /* Pods.release.xcconfig */;
			buildSettings = {
				ASSETCATALOG_COMPILER_APPICON_NAME = AppIcon;
				INFOPLIST_FILE = DreamState/Info.plist;
				LD_RUNPATH_SEARCH_PATHS = "$(inherited) @executable_path/Frameworks";
				PRODUCT_NAME = "$(TARGET_NAME)";
				USER_HEADER_SEARCH_PATHS = "\"${PROJECT_DIR}/Pods\"/**";
			};
			name = Release;
		};
		05116DE81A1A77C500C6052D /* Debug */ = {
			isa = XCBuildConfiguration;
			buildSettings = {
				BUNDLE_LOADER = "$(TEST_HOST)";
				FRAMEWORK_SEARCH_PATHS = (
					"$(SDKROOT)/Developer/Library/Frameworks",
					"$(inherited)",
				);
				GCC_PREPROCESSOR_DEFINITIONS = (
					"DEBUG=1",
					"$(inherited)",
				);
				INFOPLIST_FILE = DreamStateTests/Info.plist;
				LD_RUNPATH_SEARCH_PATHS = "$(inherited) @executable_path/Frameworks @loader_path/Frameworks";
				PRODUCT_NAME = "$(TARGET_NAME)";
				TEST_HOST = "$(BUILT_PRODUCTS_DIR)/DreamState.app/DreamState";
			};
			name = Debug;
		};
		05116DE91A1A77C500C6052D /* Release */ = {
			isa = XCBuildConfiguration;
			buildSettings = {
				BUNDLE_LOADER = "$(TEST_HOST)";
				FRAMEWORK_SEARCH_PATHS = (
					"$(SDKROOT)/Developer/Library/Frameworks",
					"$(inherited)",
				);
				INFOPLIST_FILE = DreamStateTests/Info.plist;
				LD_RUNPATH_SEARCH_PATHS = "$(inherited) @executable_path/Frameworks @loader_path/Frameworks";
				PRODUCT_NAME = "$(TARGET_NAME)";
				TEST_HOST = "$(BUILT_PRODUCTS_DIR)/DreamState.app/DreamState";
			};
			name = Release;
		};
/* End XCBuildConfiguration section */

/* Begin XCConfigurationList section */
		05116DB91A1A77C400C6052D /* Build configuration list for PBXProject "DreamState" */ = {
			isa = XCConfigurationList;
			buildConfigurations = (
				05116DE21A1A77C500C6052D /* Debug */,
				05116DE31A1A77C500C6052D /* Release */,
			);
			defaultConfigurationIsVisible = 0;
			defaultConfigurationName = Release;
		};
		05116DE41A1A77C500C6052D /* Build configuration list for PBXNativeTarget "DreamState" */ = {
			isa = XCConfigurationList;
			buildConfigurations = (
				05116DE51A1A77C500C6052D /* Debug */,
				05116DE61A1A77C500C6052D /* Release */,
			);
			defaultConfigurationIsVisible = 0;
			defaultConfigurationName = Release;
		};
		05116DE71A1A77C500C6052D /* Build configuration list for PBXNativeTarget "DreamStateTests" */ = {
			isa = XCConfigurationList;
			buildConfigurations = (
				05116DE81A1A77C500C6052D /* Debug */,
				05116DE91A1A77C500C6052D /* Release */,
			);
			defaultConfigurationIsVisible = 0;
			defaultConfigurationName = Release;
		};
/* End XCConfigurationList section */

/* Begin XCVersionGroup section */
		0594EB621A1A851D009879D2 /* DreamState.xcdatamodeld */ = {
			isa = XCVersionGroup;
			children = (
				0594EB631A1A851D009879D2 /* DreamState.xcdatamodel */,
			);
			currentVersion = 0594EB631A1A851D009879D2 /* DreamState.xcdatamodel */;
			path = DreamState.xcdatamodeld;
			sourceTree = "<group>";
			versionGroupType = wrapper.xcdatamodel;
		};
/* End XCVersionGroup section */
	};
	rootObject = 05116DB61A1A77C400C6052D /* Project object */;
}
